<Solution>
  <Folder Name="/Solution Items/">
    <File Path="compose.yaml" />
  </Folder>
  <Folder Name="/src/">
    <Project Path="src/Firmeza.Web/Firmeza.Web.csproj" />
  </Folder>
  <Folder Name="/tests/">
    <Project Path="tests/Firmeza.UnitTests/Firmeza.UnitTests.csproj" />
  </Folder>
</Solution>
